PODS:
  - Alamofire (3.3.1)
  - mongo-c-driver (0.8.1)
  - SwiftMongoDB (0.1.0):
    - mongo-c-driver (~> 0.8.1)

DEPENDENCIES:
  - Alamofire (~> 3.0)
  - SwiftMongoDB

SPEC CHECKSUMS:
  Alamofire: 369bc67b6f5ac33ded3648d7bd21c5bfb91c2ecc
  mongo-c-driver: 56558b8009f8d27549b23b62ce64fe33b9818703
  SwiftMongoDB: cb3ffa38f6daaf3636e1bfc4154a0fe399284869

COCOAPODS: 0.39.0
